
Microsoft Visual Studio Solution File, Format Version 12.00
# Visual Studio Version 17
VisualStudioVersion = 17.14.36518.9 d17.14
MinimumVisualStudioVersion = 10.0.40219.1
Project("{FAE04EC0-301F-11D3-BF4B-00C04F79EFBC}") = "WindowsFormsApp1", "WindowsFormsApp1\WindowsFormsApp1.csproj", "{14606B14-AAD1-4AED-9A0A-75E5D0D3818C}"
EndProject
Global
	GlobalSection(SolutionConfigurationPlatforms) = preSolution
		Debug|Any CPU = Debug|Any CPU
		Release|Any CPU = Release|Any CPU
	EndGlobalSection
	GlobalSection(ProjectConfigurationPlatforms) = postSolution
		{14606B14-AAD1-4AED-9A0A-75E5D0D3818C}.Debug|Any CPU.ActiveCfg = Debug|Any CPU
		{14606B14-AAD1-4AED-9A0A-75E5D0D3818C}.Debug|Any CPU.Build.0 = Debug|Any CPU
		{14606B14-AAD1-4AED-9A0A-75E5D0D3818C}.Release|Any CPU.ActiveCfg = Release|Any CPU
		{14606B14-AAD1-4AED-9A0A-75E5D0D3818C}.Release|Any CPU.Build.0 = Release|Any CPU
	EndGlobalSection
	GlobalSection(SolutionProperties) = preSolution
		HideSolutionNode = FALSE
	EndGlobalSection
	GlobalSection(ExtensibilityGlobals) = postSolution
		SolutionGuid = {3233A53C-49B8-4FFE-9DDE-10F882BA8750}
	EndGlobalSection
EndGlobal
